// !$*UTF8*$!
{
	archiveVersion = 1;
	classes = {
	};
	objectVersion = 46;
	objects = {

/* Begin PBXBuildFile section */
		A9552DB418426B710019FE79 /* Foundation.framework in Frameworks */ = {isa = PBXBuildFile; fileRef = A9552DB318426B710019FE79 /* Foundation.framework */; };
		A9552DB618426B710019FE79 /* CoreGraphics.framework in Frameworks */ = {isa = PBXBuildFile; fileRef = A9552DB518426B710019FE79 /* CoreGraphics.framework */; };
		A9552DB818426B710019FE79 /* UIKit.framework in Frameworks */ = {isa = PBXBuildFile; fileRef = A9552DB718426B710019FE79 /* UIKit.framework */; };
		A9552DBE18426B710019FE79 /* InfoPlist.strings in Resources */ = {isa = PBXBuildFile; fileRef = A9552DBC18426B710019FE79 /* InfoPlist.strings */; };
		A9552DC018426B710019FE79 /* main.m in Sources */ = {isa = PBXBuildFile; fileRef = A9552DBF18426B710019FE79 /* main.m */; };
		A9552DC418426B710019FE79 /* OTBAppDelegate.m in Sources */ = {isa = PBXBuildFile; fileRef = A9552DC318426B710019FE79 /* OTBAppDelegate.m */; };
		A9552DC718426B710019FE79 /* Main.storyboard in Resources */ = {isa = PBXBuildFile; fileRef = A9552DC518426B710019FE79 /* Main.storyboard */; };
		A9552DCA18426B710019FE79 /* OTBViewController.m in Sources */ = {isa = PBXBuildFile; fileRef = A9552DC918426B710019FE79 /* OTBViewController.m */; };
		A9552DCC18426B710019FE79 /* Images.xcassets in Resources */ = {isa = PBXBuildFile; fileRef = A9552DCB18426B710019FE79 /* Images.xcassets */; };
		A9552DD318426B710019FE79 /* XCTest.framework in Frameworks */ = {isa = PBXBuildFile; fileRef = A9552DD218426B710019FE79 /* XCTest.framework */; };
		A9552DD418426B710019FE79 /* Foundation.framework in Frameworks */ = {isa = PBXBuildFile; fileRef = A9552DB318426B710019FE79 /* Foundation.framework */; };
		A9552DD518426B710019FE79 /* UIKit.framework in Frameworks */ = {isa = PBXBuildFile; fileRef = A9552DB718426B710019FE79 /* UIKit.framework */; };
		A9552DDD18426B710019FE79 /* InfoPlist.strings in Resources */ = {isa = PBXBuildFile; fileRef = A9552DDB18426B710019FE79 /* InfoPlist.strings */; };
		A9552DDF18426B710019FE79 /* OntheBarBeaconTestTests.m in Sources */ = {isa = PBXBuildFile; fileRef = A9552DDE18426B710019FE79 /* OntheBarBeaconTestTests.m */; };
		A9552DEA184273820019FE79 /* OTBRegionManager.m in Sources */ = {isa = PBXBuildFile; fileRef = A9552DE9184273820019FE79 /* OTBRegionManager.m */; };
		A9552DEC184274240019FE79 /* CoreLocation.framework in Frameworks */ = {isa = PBXBuildFile; fileRef = A9552DEB184274240019FE79 /* CoreLocation.framework */; };
		A9552DEE184274ED0019FE79 /* CoreBluetooth.framework in Frameworks */ = {isa = PBXBuildFile; fileRef = A9552DED184274ED0019FE79 /* CoreBluetooth.framework */; };
		A9552DF118427BE00019FE79 /* OTBLocationServices.m in Sources */ = {isa = PBXBuildFile; fileRef = A9552DF018427BE00019FE79 /* OTBLocationServices.m */; };
/* End PBXBuildFile section */

/* Begin PBXContainerItemProxy section */
		A9552DD618426B710019FE79 /* PBXContainerItemProxy */ = {
			isa = PBXContainerItemProxy;
			containerPortal = A9552DA818426B710019FE79 /* Project object */;
			proxyType = 1;
			remoteGlobalIDString = A9552DAF18426B710019FE79;
			remoteInfo = OntheBarBeaconTest;
		};
/* End PBXContainerItemProxy section */

/* Begin PBXFileReference section */
		A9552DB018426B710019FE79 /* OntheBarBeaconTest.app */ = {isa = PBXFileReference; explicitFileType = wrapper.application; includeInIndex = 0; path = OntheBarBeaconTest.app; sourceTree = BUILT_PRODUCTS_DIR; };
		A9552DB318426B710019FE79 /* Foundation.framework */ = {isa = PBXFileReference; lastKnownFileType = wrapper.framework; name = Foundation.framework; path = System/Library/Frameworks/Foundation.framework; sourceTree = SDKROOT; };
		A9552DB518426B710019FE79 /* CoreGraphics.framework */ = {isa = PBXFileReference; lastKnownFileType = wrapper.framework; name = CoreGraphics.framework; path = System/Library/Frameworks/CoreGraphics.framework; sourceTree = SDKROOT; };
		A9552DB718426B710019FE79 /* UIKit.framework */ = {isa = PBXFileReference; lastKnownFileType = wrapper.framework; name = UIKit.framework; path = System/Library/Frameworks/UIKit.framework; sourceTree = SDKROOT; };
		A9552DBB18426B710019FE79 /* OntheBarBeaconTest-Info.plist */ = {isa = PBXFileReference; lastKnownFileType = text.plist.xml; path = "OntheBarBeaconTest-Info.plist"; sourceTree = "<group>"; };
		A9552DBD18426B710019FE79 /* en */ = {isa = PBXFileReference; lastKnownFileType = text.plist.strings; name = en; path = en.lproj/InfoPlist.strings; sourceTree = "<group>"; };
		A9552DBF18426B710019FE79 /* main.m */ = {isa = PBXFileReference; lastKnownFileType = sourcecode.c.objc; path = main.m; sourceTree = "<group>"; };
		A9552DC118426B710019FE79 /* OntheBarBeaconTest-Prefix.pch */ = {isa = PBXFileReference; lastKnownFileType = sourcecode.c.h; path = "OntheBarBeaconTest-Prefix.pch"; sourceTree = "<group>"; };
		A9552DC218426B710019FE79 /* OTBAppDelegate.h */ = {isa = PBXFileReference; lastKnownFileType = sourcecode.c.h; path = OTBAppDelegate.h; sourceTree = "<group>"; };
		A9552DC318426B710019FE79 /* OTBAppDelegate.m */ = {isa = PBXFileReference; lastKnownFileType = sourcecode.c.objc; path = OTBAppDelegate.m; sourceTree = "<group>"; };
		A9552DC618426B710019FE79 /* Base */ = {isa = PBXFileReference; lastKnownFileType = file.storyboard; name = Base; path = Base.lproj/Main.storyboard; sourceTree = "<group>"; };
		A9552DC818426B710019FE79 /* OTBViewController.h */ = {isa = PBXFileReference; lastKnownFileType = sourcecode.c.h; path = OTBViewController.h; sourceTree = "<group>"; };
		A9552DC918426B710019FE79 /* OTBViewController.m */ = {isa = PBXFileReference; lastKnownFileType = sourcecode.c.objc; path = OTBViewController.m; sourceTree = "<group>"; };
		A9552DCB18426B710019FE79 /* Images.xcassets */ = {isa = PBXFileReference; lastKnownFileType = folder.assetcatalog; path = Images.xcassets; sourceTree = "<group>"; };
		A9552DD118426B710019FE79 /* OntheBarBeaconTestTests.xctest */ = {isa = PBXFileReference; explicitFileType = wrapper.cfbundle; includeInIndex = 0; path = OntheBarBeaconTestTests.xctest; sourceTree = BUILT_PRODUCTS_DIR; };
		A9552DD218426B710019FE79 /* XCTest.framework */ = {isa = PBXFileReference; lastKnownFileType = wrapper.framework; name = XCTest.framework; path = Library/Frameworks/XCTest.framework; sourceTree = DEVELOPER_DIR; };
		A9552DDA18426B710019FE79 /* OntheBarBeaconTestTests-Info.plist */ = {isa = PBXFileReference; lastKnownFileType = text.plist.xml; path = "OntheBarBeaconTestTests-Info.plist"; sourceTree = "<group>"; };
		A9552DDC18426B710019FE79 /* en */ = {isa = PBXFileReference; lastKnownFileType = text.plist.strings; name = en; path = en.lproj/InfoPlist.strings; sourceTree = "<group>"; };
		A9552DDE18426B710019FE79 /* OntheBarBeaconTestTests.m */ = {isa = PBXFileReference; lastKnownFileType = sourcecode.c.objc; path = OntheBarBeaconTestTests.m; sourceTree = "<group>"; };
		A9552DE8184273820019FE79 /* OTBRegionManager.h */ = {isa = PBXFileReference; fileEncoding = 4; lastKnownFileType = sourcecode.c.h; path = OTBRegionManager.h; sourceTree = "<group>"; };
		A9552DE9184273820019FE79 /* OTBRegionManager.m */ = {isa = PBXFileReference; fileEncoding = 4; lastKnownFileType = sourcecode.c.objc; path = OTBRegionManager.m; sourceTree = "<group>"; };
		A9552DEB184274240019FE79 /* CoreLocation.framework */ = {isa = PBXFileReference; lastKnownFileType = wrapper.framework; name = CoreLocation.framework; path = System/Library/Frameworks/CoreLocation.framework; sourceTree = SDKROOT; };
		A9552DED184274ED0019FE79 /* CoreBluetooth.framework */ = {isa = PBXFileReference; lastKnownFileType = wrapper.framework; name = CoreBluetooth.framework; path = System/Library/Frameworks/CoreBluetooth.framework; sourceTree = SDKROOT; };
		A9552DEF18427BE00019FE79 /* OTBLocationServices.h */ = {isa = PBXFileReference; fileEncoding = 4; lastKnownFileType = sourcecode.c.h; path = OTBLocationServices.h; sourceTree = "<group>"; };
		A9552DF018427BE00019FE79 /* OTBLocationServices.m */ = {isa = PBXFileReference; fileEncoding = 4; lastKnownFileType = sourcecode.c.objc; path = OTBLocationServices.m; sourceTree = "<group>"; };
/* End PBXFileReference section */

/* Begin PBXFrameworksBuildPhase section */
		A9552DAD18426B710019FE79 /* Frameworks */ = {
			isa = PBXFrameworksBuildPhase;
			buildActionMask = 2147483647;
			files = (
				A9552DEE184274ED0019FE79 /* CoreBluetooth.framework in Frameworks */,
				A9552DEC184274240019FE79 /* CoreLocation.framework in Frameworks */,
				A9552DB618426B710019FE79 /* CoreGraphics.framework in Frameworks */,
				A9552DB818426B710019FE79 /* UIKit.framework in Frameworks */,
				A9552DB418426B710019FE79 /* Foundation.framework in Frameworks */,
			);
			runOnlyForDeploymentPostprocessing = 0;
		};
		A9552DCE18426B710019FE79 /* Frameworks */ = {
			isa = PBXFrameworksBuildPhase;
			buildActionMask = 2147483647;
			files = (
				A9552DD318426B710019FE79 /* XCTest.framework in Frameworks */,
				A9552DD518426B710019FE79 /* UIKit.framework in Frameworks */,
				A9552DD418426B710019FE79 /* Foundation.framework in Frameworks */,
			);
			runOnlyForDeploymentPostprocessing = 0;
		};
/* End PBXFrameworksBuildPhase section */

/* Begin PBXGroup section */
		A9552DA718426B710019FE79 = {
			isa = PBXGroup;
			children = (
				A9552DB918426B710019FE79 /* OntheBarBeaconTest */,
				A9552DD818426B710019FE79 /* OntheBarBeaconTestTests */,
				A9552DB218426B710019FE79 /* Frameworks */,
				A9552DB118426B710019FE79 /* Products */,
			);
			sourceTree = "<group>";
		};
		A9552DB118426B710019FE79 /* Products */ = {
			isa = PBXGroup;
			children = (
				A9552DB018426B710019FE79 /* OntheBarBeaconTest.app */,
				A9552DD118426B710019FE79 /* OntheBarBeaconTestTests.xctest */,
			);
			name = Products;
			sourceTree = "<group>";
		};
		A9552DB218426B710019FE79 /* Frameworks */ = {
			isa = PBXGroup;
			children = (
				A9552DED184274ED0019FE79 /* CoreBluetooth.framework */,
				A9552DEB184274240019FE79 /* CoreLocation.framework */,
				A9552DB318426B710019FE79 /* Foundation.framework */,
				A9552DB518426B710019FE79 /* CoreGraphics.framework */,
				A9552DB718426B710019FE79 /* UIKit.framework */,
				A9552DD218426B710019FE79 /* XCTest.framework */,
			);
			name = Frameworks;
			sourceTree = "<group>";
		};
		A9552DB918426B710019FE79 /* OntheBarBeaconTest */ = {
			isa = PBXGroup;
			children = (
				A9552DEF18427BE00019FE79 /* OTBLocationServices.h */,
				A9552DF018427BE00019FE79 /* OTBLocationServices.m */,
				A9552DC218426B710019FE79 /* OTBAppDelegate.h */,
				A9552DC318426B710019FE79 /* OTBAppDelegate.m */,
				A9552DC518426B710019FE79 /* Main.storyboard */,
				A9552DC818426B710019FE79 /* OTBViewController.h */,
				A9552DC918426B710019FE79 /* OTBViewController.m */,
				A9552DCB18426B710019FE79 /* Images.xcassets */,
				A9552DBA18426B710019FE79 /* Supporting Files */,
				A9552DE8184273820019FE79 /* OTBRegionManager.h */,
				A9552DE9184273820019FE79 /* OTBRegionManager.m */,
			);
			path = OntheBarBeaconTest;
			sourceTree = "<group>";
		};
		A9552DBA18426B710019FE79 /* Supporting Files */ = {
			isa = PBXGroup;
			children = (
				A9552DBB18426B710019FE79 /* OntheBarBeaconTest-Info.plist */,
				A9552DBC18426B710019FE79 /* InfoPlist.strings */,
				A9552DBF18426B710019FE79 /* main.m */,
				A9552DC118426B710019FE79 /* OntheBarBeaconTest-Prefix.pch */,
			);
			name = "Supporting Files";
			sourceTree = "<group>";
		};
		A9552DD818426B710019FE79 /* OntheBarBeaconTestTests */ = {
			isa = PBXGroup;
			children = (
				A9552DDE18426B710019FE79 /* OntheBarBeaconTestTests.m */,
				A9552DD918426B710019FE79 /* Supporting Files */,
			);
			path = OntheBarBeaconTestTests;
			sourceTree = "<group>";
		};
		A9552DD918426B710019FE79 /* Supporting Files */ = {
			isa = PBXGroup;
			children = (
				A9552DDA18426B710019FE79 /* OntheBarBeaconTestTests-Info.plist */,
				A9552DDB18426B710019FE79 /* InfoPlist.strings */,
			);
			name = "Supporting Files";
			sourceTree = "<group>";
		};
/* End PBXGroup section */

/* Begin PBXNativeTarget section */
		A9552DAF18426B710019FE79 /* OntheBarBeaconTest */ = {
			isa = PBXNativeTarget;
			buildConfigurationList = A9552DE218426B710019FE79 /* Build configuration list for PBXNativeTarget "OntheBarBeaconTest" */;
			buildPhases = (
				A9552DAC18426B710019FE79 /* Sources */,
				A9552DAD18426B710019FE79 /* Frameworks */,
				A9552DAE18426B710019FE79 /* Resources */,
			);
			buildRules = (
			);
			dependencies = (
			);
			name = OntheBarBeaconTest;
			productName = OntheBarBeaconTest;
			productReference = A9552DB018426B710019FE79 /* OntheBarBeaconTest.app */;
			productType = "com.apple.product-type.application";
		};
		A9552DD018426B710019FE79 /* OntheBarBeaconTestTests */ = {
			isa = PBXNativeTarget;
			buildConfigurationList = A9552DE518426B710019FE79 /* Build configuration list for PBXNativeTarget "OntheBarBeaconTestTests" */;
			buildPhases = (
				A9552DCD18426B710019FE79 /* Sources */,
				A9552DCE18426B710019FE79 /* Frameworks */,
				A9552DCF18426B710019FE79 /* Resources */,
			);
			buildRules = (
			);
			dependencies = (
				A9552DD718426B710019FE79 /* PBXTargetDependency */,
			);
			name = OntheBarBeaconTestTests;
			productName = OntheBarBeaconTestTests;
			productReference = A9552DD118426B710019FE79 /* OntheBarBeaconTestTests.xctest */;
			productType = "com.apple.product-type.bundle.unit-test";
		};
/* End PBXNativeTarget section */

/* Begin PBXProject section */
		A9552DA818426B710019FE79 /* Project object */ = {
			isa = PBXProject;
			attributes = {
				CLASSPREFIX = OTB;
				LastUpgradeCheck = 0500;
				ORGANIZATIONNAME = Onthebar;
				TargetAttributes = {
					A9552DD018426B710019FE79 = {
						TestTargetID = A9552DAF18426B710019FE79;
					};
				};
			};
			buildConfigurationList = A9552DAB18426B710019FE79 /* Build configuration list for PBXProject "OntheBarBeaconTest" */;
			compatibilityVersion = "Xcode 3.2";
			developmentRegion = English;
			hasScannedForEncodings = 0;
			knownRegions = (
				en,
				Base,
			);
			mainGroup = A9552DA718426B710019FE79;
			productRefGroup = A9552DB118426B710019FE79 /* Products */;
			projectDirPath = "";
			projectRoot = "";
			targets = (
				A9552DAF18426B710019FE79 /* OntheBarBeaconTest */,
				A9552DD018426B710019FE79 /* OntheBarBeaconTestTests */,
			);
		};
/* End PBXProject section */

/* Begin PBXResourcesBuildPhase section */
		A9552DAE18426B710019FE79 /* Resources */ = {
			isa = PBXResourcesBuildPhase;
			buildActionMask = 2147483647;
			files = (
				A9552DCC18426B710019FE79 /* Images.xcassets in Resources */,
				A9552DBE18426B710019FE79 /* InfoPlist.strings in Resources */,
				A9552DC718426B710019FE79 /* Main.storyboard in Resources */,
			);
			runOnlyForDeploymentPostprocessing = 0;
		};
		A9552DCF18426B710019FE79 /* Resources */ = {
			isa = PBXResourcesBuildPhase;
			buildActionMask = 2147483647;
			files = (
				A9552DDD18426B710019FE79 /* InfoPlist.strings in Resources */,
			);
			runOnlyForDeploymentPostprocessing = 0;
		};
/* End PBXResourcesBuildPhase section */

/* Begin PBXSourcesBuildPhase section */
		A9552DAC18426B710019FE79 /* Sources */ = {
			isa = PBXSourcesBuildPhase;
			buildActionMask = 2147483647;
			files = (
				A9552DC418426B710019FE79 /* OTBAppDelegate.m in Sources */,
				A9552DEA184273820019FE79 /* OTBRegionManager.m in Sources */,
				A9552DCA18426B710019FE79 /* OTBViewController.m in Sources */,
				A9552DC018426B710019FE79 /* main.m in Sources */,
				A9552DF118427BE00019FE79 /* OTBLocationServices.m in Sources */,
			);
			runOnlyForDeploymentPostprocessing = 0;
		};
		A9552DCD18426B710019FE79 /* Sources */ = {
			isa = PBXSourcesBuildPhase;
			buildActionMask = 2147483647;
			files = (
				A9552DDF18426B710019FE79 /* OntheBarBeaconTestTests.m in Sources */,
			);
			runOnlyForDeploymentPostprocessing = 0;
		};
/* End PBXSourcesBuildPhase section */

/* Begin PBXTargetDependency section */
		A9552DD718426B710019FE79 /* PBXTargetDependency */ = {
			isa = PBXTargetDependency;
			target = A9552DAF18426B710019FE79 /* OntheBarBeaconTest */;
			targetProxy = A9552DD618426B710019FE79 /* PBXContainerItemProxy */;
		};
/* End PBXTargetDependency section */

/* Begin PBXVariantGroup section */
		A9552DBC18426B710019FE79 /* InfoPlist.strings */ = {
			isa = PBXVariantGroup;
			children = (
				A9552DBD18426B710019FE79 /* en */,
			);
			name = InfoPlist.strings;
			sourceTree = "<group>";
		};
		A9552DC518426B710019FE79 /* Main.storyboard */ = {
			isa = PBXVariantGroup;
			children = (
				A9552DC618426B710019FE79 /* Base */,
			);
			name = Main.storyboard;
			sourceTree = "<group>";
		};
		A9552DDB18426B710019FE79 /* InfoPlist.strings */ = {
			isa = PBXVariantGroup;
			children = (
				A9552DDC18426B710019FE79 /* en */,
			);
			name = InfoPlist.strings;
			sourceTree = "<group>";
		};
/* End PBXVariantGroup section */

/* Begin XCBuildConfiguration section */
		A9552DE018426B710019FE79 /* Debug */ = {
			isa = XCBuildConfiguration;
			buildSettings = {
				ALWAYS_SEARCH_USER_PATHS = NO;
				ARCHS = "$(ARCHS_STANDARD_INCLUDING_64_BIT)";
				CLANG_CXX_LANGUAGE_STANDARD = "gnu++0x";
				CLANG_CXX_LIBRARY = "libc++";
				CLANG_ENABLE_MODULES = YES;
				CLANG_ENABLE_OBJC_ARC = YES;
				CLANG_WARN_BOOL_CONVERSION = YES;
				CLANG_WARN_CONSTANT_CONVERSION = YES;
				CLANG_WARN_DIRECT_OBJC_ISA_USAGE = YES_ERROR;
				CLANG_WARN_EMPTY_BODY = YES;
				CLANG_WARN_ENUM_CONVERSION = YES;
				CLANG_WARN_INT_CONVERSION = YES;
				CLANG_WARN_OBJC_ROOT_CLASS = YES_ERROR;
				CLANG_WARN__DUPLICATE_METHOD_MATCH = YES;
				"CODE_SIGN_IDENTITY[sdk=iphoneos*]" = "iPhone Developer";
				COPY_PHASE_STRIP = NO;
				GCC_C_LANGUAGE_STANDARD = gnu99;
				GCC_DYNAMIC_NO_PIC = NO;
				GCC_OPTIMIZATION_LEVEL = 0;
				GCC_PREPROCESSOR_DEFINITIONS = (
					"DEBUG=1",
					"$(inherited)",
				);
				GCC_SYMBOLS_PRIVATE_EXTERN = NO;
				GCC_WARN_64_TO_32_BIT_CONVERSION = YES;
				GCC_WARN_ABOUT_RETURN_TYPE = YES_ERROR;
				GCC_WARN_UNDECLARED_SELECTOR = YES;
				GCC_WARN_UNINITIALIZED_AUTOS = YES;
				GCC_WARN_UNUSED_FUNCTION = YES;
				GCC_WARN_UNUSED_VARIABLE = YES;
				IPHONEOS_DEPLOYMENT_TARGET = 7.0;
				ONLY_ACTIVE_ARCH = YES;
				SDKROOT = iphoneos;
			};
			name = Debug;
		};
		A9552DE118426B710019FE79 /* Release */ = {
			isa = XCBuildConfiguration;
			buildSettings = {
				ALWAYS_SEARCH_USER_PATHS = NO;
				ARCHS = "$(ARCHS_STANDARD_INCLUDING_64_BIT)";
				CLANG_CXX_LANGUAGE_STANDARD = "gnu++0x";
				CLANG_CXX_LIBRARY = "libc++";
				CLANG_ENABLE_MODULES = YES;
				CLANG_ENABLE_OBJC_ARC = YES;
				CLANG_WARN_BOOL_CONVERSION = YES;
				CLANG_WARN_CONSTANT_CONVERSION = YES;
				CLANG_WARN_DIRECT_OBJC_ISA_USAGE = YES_ERROR;
				CLANG_WARN_EMPTY_BODY = YES;
				CLANG_WARN_ENUM_CONVERSION = YES;
				CLANG_WARN_INT_CONVERSION = YES;
				CLANG_WARN_OBJC_ROOT_CLASS = YES_ERROR;
				CLANG_WARN__DUPLICATE_METHOD_MATCH = YES;
				"CODE_SIGN_IDENTITY[sdk=iphoneos*]" = "iPhone Developer";
				COPY_PHASE_STRIP = YES;
				ENABLE_NS_ASSERTIONS = NO;
				GCC_C_LANGUAGE_STANDARD = gnu99;
				GCC_WARN_64_TO_32_BIT_CONVERSION = YES;
				GCC_WARN_ABOUT_RETURN_TYPE = YES_ERROR;
				GCC_WARN_UNDECLARED_SELECTOR = YES;
				GCC_WARN_UNINITIALIZED_AUTOS = YES;
				GCC_WARN_UNUSED_FUNCTION = YES;
				GCC_WARN_UNUSED_VARIABLE = YES;
				IPHONEOS_DEPLOYMENT_TARGET = 7.0;
				SDKROOT = iphoneos;
				VALIDATE_PRODUCT = YES;
			};
			name = Release;
		};
		A9552DE318426B710019FE79 /* Debug */ = {
			isa = XCBuildConfiguration;
			buildSettings = {
				ASSETCATALOG_COMPILER_APPICON_NAME = AppIcon;
				ASSETCATALOG_COMPILER_LAUNCHIMAGE_NAME = LaunchImage;
				GCC_PRECOMPILE_PREFIX_HEADER = YES;
				GCC_PREFIX_HEADER = "OntheBarBeaconTest/OntheBarBeaconTest-Prefix.pch";
				INFOPLIST_FILE = "OntheBarBeaconTest/OntheBarBeaconTest-Info.plist";
				PRODUCT_NAME = "$(TARGET_NAME)";
				WRAPPER_EXTENSION = app;
			};
			name = Debug;
		};
		A9552DE418426B710019FE79 /* Release */ = {
			isa = XCBuildConfiguration;
			buildSettings = {
				ASSETCATALOG_COMPILER_APPICON_NAME = AppIcon;
				ASSETCATALOG_COMPILER_LAUNCHIMAGE_NAME = LaunchImage;
				GCC_PRECOMPILE_PREFIX_HEADER = YES;
				GCC_PREFIX_HEADER = "OntheBarBeaconTest/OntheBarBeaconTest-Prefix.pch";
				INFOPLIST_FILE = "OntheBarBeaconTest/OntheBarBeaconTest-Info.plist";
				PRODUCT_NAME = "$(TARGET_NAME)";
				WRAPPER_EXTENSION = app;
			};
			name = Release;
		};
		A9552DE618426B710019FE79 /* Debug */ = {
			isa = XCBuildConfiguration;
			buildSettings = {
				ARCHS = "$(ARCHS_STANDARD_INCLUDING_64_BIT)";
				BUNDLE_LOADER = "$(BUILT_PRODUCTS_DIR)/OntheBarBeaconTest.app/OntheBarBeaconTest";
				FRAMEWORK_SEARCH_PATHS = (
					"$(SDKROOT)/Developer/Library/Frameworks",
					"$(inherited)",
					"$(DEVELOPER_FRAMEWORKS_DIR)",
				);
				GCC_PRECOMPILE_PREFIX_HEADER = YES;
				GCC_PREFIX_HEADER = "OntheBarBeaconTest/OntheBarBeaconTest-Prefix.pch";
				GCC_PREPROCESSOR_DEFINITIONS = (
					"DEBUG=1",
					"$(inherited)",
				);
				INFOPLIST_FILE = "OntheBarBeaconTestTests/OntheBarBeaconTestTests-Info.plist";
				PRODUCT_NAME = "$(TARGET_NAME)";
				TEST_HOST = "$(BUNDLE_LOADER)";
				WRAPPER_EXTENSION = xctest;
			};
			name = Debug;
		};
		A9552DE718426B710019FE79 /* Release */ = {
			isa = XCBuildConfiguration;
			buildSettings = {
				ARCHS = "$(ARCHS_STANDARD_INCLUDING_64_BIT)";
				BUNDLE_LOADER = "$(BUILT_PRODUCTS_DIR)/OntheBarBeaconTest.app/OntheBarBeaconTest";
				FRAMEWORK_SEARCH_PATHS = (
					"$(SDKROOT)/Developer/Library/Frameworks",
					"$(inherited)",
					"$(DEVELOPER_FRAMEWORKS_DIR)",
				);
				GCC_PRECOMPILE_PREFIX_HEADER = YES;
				GCC_PREFIX_HEADER = "OntheBarBeaconTest/OntheBarBeaconTest-Prefix.pch";
				INFOPLIST_FILE = "OntheBarBeaconTestTests/OntheBarBeaconTestTests-Info.plist";
				PRODUCT_NAME = "$(TARGET_NAME)";
				TEST_HOST = "$(BUNDLE_LOADER)";
				WRAPPER_EXTENSION = xctest;
			};
			name = Release;
		};
/* End XCBuildConfiguration section */

/* Begin XCConfigurationList section */
		A9552DAB18426B710019FE79 /* Build configuration list for PBXProject "OntheBarBeaconTest" */ = {
			isa = XCConfigurationList;
			buildConfigurations = (
				A9552DE018426B710019FE79 /* Debug */,
				A9552DE118426B710019FE79 /* Release */,
			);
			defaultConfigurationIsVisible = 0;
			defaultConfigurationName = Release;
		};
		A9552DE218426B710019FE79 /* Build configuration list for PBXNativeTarget "OntheBarBeaconTest" */ = {
			isa = XCConfigurationList;
			buildConfigurations = (
				A9552DE318426B710019FE79 /* Debug */,
				A9552DE418426B710019FE79 /* Release */,
			);
			defaultConfigurationIsVisible = 0;
			defaultConfigurationName = Release;
		};
		A9552DE518426B710019FE79 /* Build configuration list for PBXNativeTarget "OntheBarBeaconTestTests" */ = {
			isa = XCConfigurationList;
			buildConfigurations = (
				A9552DE618426B710019FE79 /* Debug */,
				A9552DE718426B710019FE79 /* Release */,
			);
			defaultConfigurationIsVisible = 0;
			defaultConfigurationName = Release;
		};
/* End XCConfigurationList section */
	};
	rootObject = A9552DA818426B710019FE79 /* Project object */;
}
